
Microsoft Visual Studio Solution File, Format Version 12.00
# Visual Studio 15
VisualStudioVersion = 15.0.27004.2002
MinimumVisualStudioVersion = 10.0.40219.1
Project("{9A19103F-16F7-4668-BE54-9A1E7A4F7556}") = "CoruscantMarketplace", "CoruscantMarketplace\CoruscantMarketplace.csproj", "{2E225A42-1E66-4DDC-BB9E-ED5A04BA66CC}"
EndProject
Project("{9A19103F-16F7-4668-BE54-9A1E7A4F7556}") = "CoruscantMarketplace.DataLayer", "CoruscantMarketplace.DataLayer\CoruscantMarketplace.DataLayer.csproj", "{80B49423-D134-4274-A527-9F994F9A434D}"
EndProject
Project("{9A19103F-16F7-4668-BE54-9A1E7A4F7556}") = "CoruscantMarketplace.DataLayer.Impl", "CoruscantMarketplace.DataLayer.Impl\CoruscantMarketplace.DataLayer.Impl.csproj", "{3084C32E-45EA-4006-B5D4-65CA40CBE437}"
EndProject
Project("{9A19103F-16F7-4668-BE54-9A1E7A4F7556}") = "CoruscantMarketplace.Core", "CoruscantMarketplace.Core\CoruscantMarketplace.Core.csproj", "{F5836358-7AC3-4A8B-86B0-63BB35F9E4BE}"
EndProject
Project("{9A19103F-16F7-4668-BE54-9A1E7A4F7556}") = "CoruscantMarketplace.Core.Impl", "CoruscantMarketplace.Core.Impl\CoruscantMarketplace.Core.Impl.csproj", "{297107BA-CBA3-4EA4-9D7A-EDC0B956F7DC}"
EndProject
Project("{FAE04EC0-301F-11D3-BF4B-00C04F79EFBC}") = "CoruscantMarketplace.Core.Models", "CoruscantMarketplace.Core.Models\CoruscantMarketplace.Core.Models.csproj", "{5E7CDDE3-07B7-4648-BFC6-BC6831667AF3}"
EndProject
Project("{FAE04EC0-301F-11D3-BF4B-00C04F79EFBC}") = "CoruscantMarketplace.Test", "CoruscantMarketplace.Test\CoruscantMarketplace.Test.csproj", "{C3536394-4687-445C-8F52-69520BA008EF}"
EndProject
Project("{FAE04EC0-301F-11D3-BF4B-00C04F79EFBC}") = "CoruscantMarketplace.Crosscutting", "CoruscantMarketplace.Crosscutting\CoruscantMarketplace.Crosscutting.csproj", "{AF288BD6-CCB5-4F12-AAC2-9C3ACAA9AEF4}"
EndProject
Project("{FAE04EC0-301F-11D3-BF4B-00C04F79EFBC}") = "CoruscantMarketplace.FakeData", "CoruscantMarketplace.FakeData\CoruscantMarketplace.FakeData.csproj", "{E3358506-C776-4C79-8D06-9E5C5FC33F2E}"
EndProject
Global
	GlobalSection(SolutionConfigurationPlatforms) = preSolution
		Debug|Any CPU = Debug|Any CPU
		Release|Any CPU = Release|Any CPU
	EndGlobalSection
	GlobalSection(ProjectConfigurationPlatforms) = postSolution
		{2E225A42-1E66-4DDC-BB9E-ED5A04BA66CC}.Debug|Any CPU.ActiveCfg = Debug|Any CPU
		{2E225A42-1E66-4DDC-BB9E-ED5A04BA66CC}.Debug|Any CPU.Build.0 = Debug|Any CPU
		{2E225A42-1E66-4DDC-BB9E-ED5A04BA66CC}.Release|Any CPU.ActiveCfg = Release|Any CPU
		{2E225A42-1E66-4DDC-BB9E-ED5A04BA66CC}.Release|Any CPU.Build.0 = Release|Any CPU
		{80B49423-D134-4274-A527-9F994F9A434D}.Debug|Any CPU.ActiveCfg = Debug|Any CPU
		{80B49423-D134-4274-A527-9F994F9A434D}.Debug|Any CPU.Build.0 = Debug|Any CPU
		{80B49423-D134-4274-A527-9F994F9A434D}.Release|Any CPU.ActiveCfg = Release|Any CPU
		{80B49423-D134-4274-A527-9F994F9A434D}.Release|Any CPU.Build.0 = Release|Any CPU
		{3084C32E-45EA-4006-B5D4-65CA40CBE437}.Debug|Any CPU.ActiveCfg = Debug|Any CPU
		{3084C32E-45EA-4006-B5D4-65CA40CBE437}.Debug|Any CPU.Build.0 = Debug|Any CPU
		{3084C32E-45EA-4006-B5D4-65CA40CBE437}.Release|Any CPU.ActiveCfg = Release|Any CPU
		{3084C32E-45EA-4006-B5D4-65CA40CBE437}.Release|Any CPU.Build.0 = Release|Any CPU
		{F5836358-7AC3-4A8B-86B0-63BB35F9E4BE}.Debug|Any CPU.ActiveCfg = Debug|Any CPU
		{F5836358-7AC3-4A8B-86B0-63BB35F9E4BE}.Debug|Any CPU.Build.0 = Debug|Any CPU
		{F5836358-7AC3-4A8B-86B0-63BB35F9E4BE}.Release|Any CPU.ActiveCfg = Release|Any CPU
		{F5836358-7AC3-4A8B-86B0-63BB35F9E4BE}.Release|Any CPU.Build.0 = Release|Any CPU
		{297107BA-CBA3-4EA4-9D7A-EDC0B956F7DC}.Debug|Any CPU.ActiveCfg = Debug|Any CPU
		{297107BA-CBA3-4EA4-9D7A-EDC0B956F7DC}.Debug|Any CPU.Build.0 = Debug|Any CPU
		{297107BA-CBA3-4EA4-9D7A-EDC0B956F7DC}.Release|Any CPU.ActiveCfg = Release|Any CPU
		{297107BA-CBA3-4EA4-9D7A-EDC0B956F7DC}.Release|Any CPU.Build.0 = Release|Any CPU
		{5E7CDDE3-07B7-4648-BFC6-BC6831667AF3}.Debug|Any CPU.ActiveCfg = Debug|Any CPU
		{5E7CDDE3-07B7-4648-BFC6-BC6831667AF3}.Debug|Any CPU.Build.0 = Debug|Any CPU
		{5E7CDDE3-07B7-4648-BFC6-BC6831667AF3}.Release|Any CPU.ActiveCfg = Release|Any CPU
		{5E7CDDE3-07B7-4648-BFC6-BC6831667AF3}.Release|Any CPU.Build.0 = Release|Any CPU
		{C3536394-4687-445C-8F52-69520BA008EF}.Debug|Any CPU.ActiveCfg = Debug|Any CPU
		{C3536394-4687-445C-8F52-69520BA008EF}.Debug|Any CPU.Build.0 = Debug|Any CPU
		{C3536394-4687-445C-8F52-69520BA008EF}.Release|Any CPU.ActiveCfg = Release|Any CPU
		{C3536394-4687-445C-8F52-69520BA008EF}.Release|Any CPU.Build.0 = Release|Any CPU
		{AF288BD6-CCB5-4F12-AAC2-9C3ACAA9AEF4}.Debug|Any CPU.ActiveCfg = Debug|Any CPU
		{AF288BD6-CCB5-4F12-AAC2-9C3ACAA9AEF4}.Debug|Any CPU.Build.0 = Debug|Any CPU
		{AF288BD6-CCB5-4F12-AAC2-9C3ACAA9AEF4}.Release|Any CPU.ActiveCfg = Release|Any CPU
		{AF288BD6-CCB5-4F12-AAC2-9C3ACAA9AEF4}.Release|Any CPU.Build.0 = Release|Any CPU
		{E3358506-C776-4C79-8D06-9E5C5FC33F2E}.Debug|Any CPU.ActiveCfg = Debug|Any CPU
		{E3358506-C776-4C79-8D06-9E5C5FC33F2E}.Debug|Any CPU.Build.0 = Debug|Any CPU
		{E3358506-C776-4C79-8D06-9E5C5FC33F2E}.Release|Any CPU.ActiveCfg = Release|Any CPU
		{E3358506-C776-4C79-8D06-9E5C5FC33F2E}.Release|Any CPU.Build.0 = Release|Any CPU
	EndGlobalSection
	GlobalSection(SolutionProperties) = preSolution
		HideSolutionNode = FALSE
	EndGlobalSection
	GlobalSection(ExtensibilityGlobals) = postSolution
		SolutionGuid = {04ED5CCE-E9EB-4D3F-97E2-544BFA1E8E51}
	EndGlobalSection
EndGlobal
